{
  "name": "overboard-ab-minimax",
  "version": "1.0.0",
  "lockfileVersion": 1,
  "requires": true,
  "dependencies": {
    "alphabeta": {
      "version": "1.0.2",
      "resolved": "https://registry.npmjs.org/alphabeta/-/alphabeta-1.0.2.tgz",
      "integrity": "sha1-Ql5Gf3hMIZw5Lnwc5gqRqZ3XOlU="
    }
  }
}
